Microsoft Visual Studio Solution File, Format Version 11.00
# Visual Studio 2008

Project("{E18BF058-88A7-C784-584B-37381336989D}") = "GlobetrottAR", "Assembly-CSharp.csproj", "{6FA92C89-20ED-9B07-AE40-0492AB151AC5}"
EndProject
Project("{E18BF058-88A7-C784-584B-37381336989D}") = "GlobetrottAR", "Assembly-CSharp-Editor.csproj", "{0F68440F-365D-0D53-DA18-D320938BD74E}"
EndProject
Global
	GlobalSection(SolutionConfigurationPlatforms) = preSolution
		Debug|Any CPU = Debug|Any CPU
		Release|Any CPU = Release|Any CPU
	EndGlobalSection
	GlobalSection(ProjectConfigurationPlatforms) = postSolution
		{6FA92C89-20ED-9B07-AE40-0492AB151AC5}.Debug|Any CPU.ActiveCfg = Debug|Any CPU
		{6FA92C89-20ED-9B07-AE40-0492AB151AC5}.Debug|Any CPU.Build.0 = Debug|Any CPU
		{6FA92C89-20ED-9B07-AE40-0492AB151AC5}.Release|Any CPU.ActiveCfg = Release|Any CPU
		{6FA92C89-20ED-9B07-AE40-0492AB151AC5}.Release|Any CPU.Build.0 = Release|Any CPU
		{0F68440F-365D-0D53-DA18-D320938BD74E}.Debug|Any CPU.ActiveCfg = Debug|Any CPU
		{0F68440F-365D-0D53-DA18-D320938BD74E}.Debug|Any CPU.Build.0 = Debug|Any CPU
		{0F68440F-365D-0D53-DA18-D320938BD74E}.Release|Any CPU.ActiveCfg = Release|Any CPU
		{0F68440F-365D-0D53-DA18-D320938BD74E}.Release|Any CPU.Build.0 = Release|Any CPU
	EndGlobalSection
	GlobalSection(SolutionProperties) = preSolution
		HideSolutionNode = FALSE
	EndGlobalSection
	GlobalSection(MonoDevelopProperties) = preSolution
		StartupItem = Assembly-CSharp.csproj
	EndGlobalSection
EndGlobal
